
Microsoft Visual Studio Solution File, Format Version 12.00
# Visual Studio Version 16
VisualStudioVersion = 16.0.32106.194
MinimumVisualStudioVersion = 10.0.40219.1
Project("{2150E333-8FDC-42A3-9474-1A3956D46DE8}") = "Services", "Services", "{DBDDA176-7486-44B8-AC1E-05BB8281A61B}"
EndProject
Project("{2150E333-8FDC-42A3-9474-1A3956D46DE8}") = "Catalog", "Catalog", "{061F6714-03B2-431A-A064-7115B1A63CC5}"
EndProject
Project("{9A19103F-16F7-4668-BE54-9A1E7A4F7556}") = "Catalog.API", "Services\Catalog\Catalog.API\Catalog.API.csproj", "{AD0E5DBA-E91B-4711-A88F-FDCE8B872831}"
EndProject
Project("{E53339B2-1760-4266-BCC7-CA923CBCF16C}") = "docker-compose", "docker-compose.dcproj", "{3A2FAD0D-D4C1-4418-9EDF-013E9D015CBC}"
EndProject
Project("{2150E333-8FDC-42A3-9474-1A3956D46DE8}") = "Basket", "Basket", "{DD5D0DBC-8052-4067-9261-5847DBDCCD8D}"
EndProject
Project("{9A19103F-16F7-4668-BE54-9A1E7A4F7556}") = "Basket.API", "Services\Basket\Basket.API\Basket.API.csproj", "{27895114-C2F8-4764-BCA7-51B004570541}"
EndProject
Project("{2150E333-8FDC-42A3-9474-1A3956D46DE8}") = "Discount", "Discount", "{D06A3D98-5309-4B99-9A8B-8F644CC0A36F}"
EndProject
Project("{9A19103F-16F7-4668-BE54-9A1E7A4F7556}") = "Discount.API", "Services\Discount\Discount.API\Discount.API.csproj", "{A17EA765-BD25-4A4D-8C59-5D1FCC0B2374}"
EndProject
Project("{9A19103F-16F7-4668-BE54-9A1E7A4F7556}") = "Discount.Grpc", "Services\Discount\Discount.Grpc\Discount.Grpc.csproj", "{19E5195D-C6D8-4BD7-A62F-B39405266549}"
EndProject
Project("{2150E333-8FDC-42A3-9474-1A3956D46DE8}") = "Ordering", "Ordering", "{7920B653-2596-44E3-B52B-0FAF441C5E42}"
EndProject
Project("{9A19103F-16F7-4668-BE54-9A1E7A4F7556}") = "Ordering.API", "Services\Ordering\Ordering.API\Ordering.API.csproj", "{BD404E47-5FE5-400C-9D58-1A66C7F38F0C}"
EndProject
Project("{9A19103F-16F7-4668-BE54-9A1E7A4F7556}") = "Ordering.Domain", "Services\Ordering\Ordering.Domain\Ordering.Domain.csproj", "{1CFC33C7-0EF6-42FD-90DC-6B27191F09D2}"
EndProject
Project("{9A19103F-16F7-4668-BE54-9A1E7A4F7556}") = "Ordering.Application", "Services\Ordering\Ordering.Application\Ordering.Application.csproj", "{9E0ED901-A914-4D7F-812E-25484C5AB441}"
EndProject
Project("{9A19103F-16F7-4668-BE54-9A1E7A4F7556}") = "Ordering.Infrastructure", "Services\Ordering\Ordering.Infrastructure\Ordering.Infrastructure.csproj", "{8765B21A-546B-4F03-AFFC-BB002216154E}"
EndProject
Global
	GlobalSection(SolutionConfigurationPlatforms) = preSolution
		Debug|Any CPU = Debug|Any CPU
		Release|Any CPU = Release|Any CPU
	EndGlobalSection
	GlobalSection(ProjectConfigurationPlatforms) = postSolution
		{AD0E5DBA-E91B-4711-A88F-FDCE8B872831}.Debug|Any CPU.ActiveCfg = Debug|Any CPU
		{AD0E5DBA-E91B-4711-A88F-FDCE8B872831}.Debug|Any CPU.Build.0 = Debug|Any CPU
		{AD0E5DBA-E91B-4711-A88F-FDCE8B872831}.Release|Any CPU.ActiveCfg = Release|Any CPU
		{AD0E5DBA-E91B-4711-A88F-FDCE8B872831}.Release|Any CPU.Build.0 = Release|Any CPU
		{3A2FAD0D-D4C1-4418-9EDF-013E9D015CBC}.Debug|Any CPU.ActiveCfg = Debug|Any CPU
		{3A2FAD0D-D4C1-4418-9EDF-013E9D015CBC}.Debug|Any CPU.Build.0 = Debug|Any CPU
		{3A2FAD0D-D4C1-4418-9EDF-013E9D015CBC}.Release|Any CPU.ActiveCfg = Release|Any CPU
		{3A2FAD0D-D4C1-4418-9EDF-013E9D015CBC}.Release|Any CPU.Build.0 = Release|Any CPU
		{27895114-C2F8-4764-BCA7-51B004570541}.Debug|Any CPU.ActiveCfg = Debug|Any CPU
		{27895114-C2F8-4764-BCA7-51B004570541}.Debug|Any CPU.Build.0 = Debug|Any CPU
		{27895114-C2F8-4764-BCA7-51B004570541}.Release|Any CPU.ActiveCfg = Release|Any CPU
		{27895114-C2F8-4764-BCA7-51B004570541}.Release|Any CPU.Build.0 = Release|Any CPU
		{A17EA765-BD25-4A4D-8C59-5D1FCC0B2374}.Debug|Any CPU.ActiveCfg = Debug|Any CPU
		{A17EA765-BD25-4A4D-8C59-5D1FCC0B2374}.Debug|Any CPU.Build.0 = Debug|Any CPU
		{A17EA765-BD25-4A4D-8C59-5D1FCC0B2374}.Release|Any CPU.ActiveCfg = Release|Any CPU
		{A17EA765-BD25-4A4D-8C59-5D1FCC0B2374}.Release|Any CPU.Build.0 = Release|Any CPU
		{19E5195D-C6D8-4BD7-A62F-B39405266549}.Debug|Any CPU.ActiveCfg = Debug|Any CPU
		{19E5195D-C6D8-4BD7-A62F-B39405266549}.Debug|Any CPU.Build.0 = Debug|Any CPU
		{19E5195D-C6D8-4BD7-A62F-B39405266549}.Release|Any CPU.ActiveCfg = Release|Any CPU
		{19E5195D-C6D8-4BD7-A62F-B39405266549}.Release|Any CPU.Build.0 = Release|Any CPU
		{BD404E47-5FE5-400C-9D58-1A66C7F38F0C}.Debug|Any CPU.ActiveCfg = Debug|Any CPU
		{BD404E47-5FE5-400C-9D58-1A66C7F38F0C}.Debug|Any CPU.Build.0 = Debug|Any CPU
		{BD404E47-5FE5-400C-9D58-1A66C7F38F0C}.Release|Any CPU.ActiveCfg = Release|Any CPU
		{BD404E47-5FE5-400C-9D58-1A66C7F38F0C}.Release|Any CPU.Build.0 = Release|Any CPU
		{1CFC33C7-0EF6-42FD-90DC-6B27191F09D2}.Debug|Any CPU.ActiveCfg = Debug|Any CPU
		{1CFC33C7-0EF6-42FD-90DC-6B27191F09D2}.Debug|Any CPU.Build.0 = Debug|Any CPU
		{1CFC33C7-0EF6-42FD-90DC-6B27191F09D2}.Release|Any CPU.ActiveCfg = Release|Any CPU
		{1CFC33C7-0EF6-42FD-90DC-6B27191F09D2}.Release|Any CPU.Build.0 = Release|Any CPU
		{9E0ED901-A914-4D7F-812E-25484C5AB441}.Debug|Any CPU.ActiveCfg = Debug|Any CPU
		{9E0ED901-A914-4D7F-812E-25484C5AB441}.Debug|Any CPU.Build.0 = Debug|Any CPU
		{9E0ED901-A914-4D7F-812E-25484C5AB441}.Release|Any CPU.ActiveCfg = Release|Any CPU
		{9E0ED901-A914-4D7F-812E-25484C5AB441}.Release|Any CPU.Build.0 = Release|Any CPU
		{8765B21A-546B-4F03-AFFC-BB002216154E}.Debug|Any CPU.ActiveCfg = Debug|Any CPU
		{8765B21A-546B-4F03-AFFC-BB002216154E}.Debug|Any CPU.Build.0 = Debug|Any CPU
		{8765B21A-546B-4F03-AFFC-BB002216154E}.Release|Any CPU.ActiveCfg = Release|Any CPU
		{8765B21A-546B-4F03-AFFC-BB002216154E}.Release|Any CPU.Build.0 = Release|Any CPU
	EndGlobalSection
	GlobalSection(SolutionProperties) = preSolution
		HideSolutionNode = FALSE
	EndGlobalSection
	GlobalSection(NestedProjects) = preSolution
		{061F6714-03B2-431A-A064-7115B1A63CC5} = {DBDDA176-7486-44B8-AC1E-05BB8281A61B}
		{AD0E5DBA-E91B-4711-A88F-FDCE8B872831} = {061F6714-03B2-431A-A064-7115B1A63CC5}
		{DD5D0DBC-8052-4067-9261-5847DBDCCD8D} = {DBDDA176-7486-44B8-AC1E-05BB8281A61B}
		{27895114-C2F8-4764-BCA7-51B004570541} = {DD5D0DBC-8052-4067-9261-5847DBDCCD8D}
		{D06A3D98-5309-4B99-9A8B-8F644CC0A36F} = {DBDDA176-7486-44B8-AC1E-05BB8281A61B}
		{A17EA765-BD25-4A4D-8C59-5D1FCC0B2374} = {D06A3D98-5309-4B99-9A8B-8F644CC0A36F}
		{19E5195D-C6D8-4BD7-A62F-B39405266549} = {D06A3D98-5309-4B99-9A8B-8F644CC0A36F}
		{7920B653-2596-44E3-B52B-0FAF441C5E42} = {DBDDA176-7486-44B8-AC1E-05BB8281A61B}
		{BD404E47-5FE5-400C-9D58-1A66C7F38F0C} = {7920B653-2596-44E3-B52B-0FAF441C5E42}
		{1CFC33C7-0EF6-42FD-90DC-6B27191F09D2} = {7920B653-2596-44E3-B52B-0FAF441C5E42}
		{9E0ED901-A914-4D7F-812E-25484C5AB441} = {7920B653-2596-44E3-B52B-0FAF441C5E42}
		{8765B21A-546B-4F03-AFFC-BB002216154E} = {7920B653-2596-44E3-B52B-0FAF441C5E42}
	EndGlobalSection
	GlobalSection(ExtensibilityGlobals) = postSolution
		SolutionGuid = {F58DAA1D-988D-4350-8FAD-D90676561D29}
	EndGlobalSection
EndGlobal
