
Microsoft Visual Studio Solution File, Format Version 12.00
# Visual Studio Version 16
VisualStudioVersion = 16.0.32106.194
MinimumVisualStudioVersion = 10.0.40219.1
Project("{2150E333-8FDC-42A3-9474-1A3956D46DE8}") = "Services", "Services", "{DBDDA176-7486-44B8-AC1E-05BB8281A61B}"
EndProject
Project("{2150E333-8FDC-42A3-9474-1A3956D46DE8}") = "Catalog", "Catalog", "{061F6714-03B2-431A-A064-7115B1A63CC5}"
EndProject
Project("{9A19103F-16F7-4668-BE54-9A1E7A4F7556}") = "Catalog.API", "Services\Catalog\Catalog.API\Catalog.API.csproj", "{AD0E5DBA-E91B-4711-A88F-FDCE8B872831}"
EndProject
Project("{E53339B2-1760-4266-BCC7-CA923CBCF16C}") = "docker-compose", "docker-compose.dcproj", "{3A2FAD0D-D4C1-4418-9EDF-013E9D015CBC}"
EndProject
Project("{2150E333-8FDC-42A3-9474-1A3956D46DE8}") = "Basket", "Basket", "{DD5D0DBC-8052-4067-9261-5847DBDCCD8D}"
EndProject
Project("{FAE04EC0-301F-11D3-BF4B-00C04F79EFBC}") = "Basket.API", "Services\Basket\Basket.API\Basket.API.csproj", "{27895114-C2F8-4764-BCA7-51B004570541}"
EndProject
Global
	GlobalSection(SolutionConfigurationPlatforms) = preSolution
		Debug|Any CPU = Debug|Any CPU
		Release|Any CPU = Release|Any CPU
	EndGlobalSection
	GlobalSection(ProjectConfigurationPlatforms) = postSolution
		{AD0E5DBA-E91B-4711-A88F-FDCE8B872831}.Debug|Any CPU.ActiveCfg = Debug|Any CPU
		{AD0E5DBA-E91B-4711-A88F-FDCE8B872831}.Debug|Any CPU.Build.0 = Debug|Any CPU
		{AD0E5DBA-E91B-4711-A88F-FDCE8B872831}.Release|Any CPU.ActiveCfg = Release|Any CPU
		{AD0E5DBA-E91B-4711-A88F-FDCE8B872831}.Release|Any CPU.Build.0 = Release|Any CPU
		{3A2FAD0D-D4C1-4418-9EDF-013E9D015CBC}.Debug|Any CPU.ActiveCfg = Debug|Any CPU
		{3A2FAD0D-D4C1-4418-9EDF-013E9D015CBC}.Debug|Any CPU.Build.0 = Debug|Any CPU
		{3A2FAD0D-D4C1-4418-9EDF-013E9D015CBC}.Release|Any CPU.ActiveCfg = Release|Any CPU
		{3A2FAD0D-D4C1-4418-9EDF-013E9D015CBC}.Release|Any CPU.Build.0 = Release|Any CPU
		{27895114-C2F8-4764-BCA7-51B004570541}.Debug|Any CPU.ActiveCfg = Debug|Any CPU
		{27895114-C2F8-4764-BCA7-51B004570541}.Debug|Any CPU.Build.0 = Debug|Any CPU
		{27895114-C2F8-4764-BCA7-51B004570541}.Release|Any CPU.ActiveCfg = Release|Any CPU
		{27895114-C2F8-4764-BCA7-51B004570541}.Release|Any CPU.Build.0 = Release|Any CPU
	EndGlobalSection
	GlobalSection(SolutionProperties) = preSolution
		HideSolutionNode = FALSE
	EndGlobalSection
	GlobalSection(NestedProjects) = preSolution
		{061F6714-03B2-431A-A064-7115B1A63CC5} = {DBDDA176-7486-44B8-AC1E-05BB8281A61B}
		{AD0E5DBA-E91B-4711-A88F-FDCE8B872831} = {061F6714-03B2-431A-A064-7115B1A63CC5}
		{DD5D0DBC-8052-4067-9261-5847DBDCCD8D} = {DBDDA176-7486-44B8-AC1E-05BB8281A61B}
		{27895114-C2F8-4764-BCA7-51B004570541} = {DD5D0DBC-8052-4067-9261-5847DBDCCD8D}
	EndGlobalSection
	GlobalSection(ExtensibilityGlobals) = postSolution
		SolutionGuid = {F58DAA1D-988D-4350-8FAD-D90676561D29}
	EndGlobalSection
EndGlobal
